
Microsoft Visual Studio Solution File, Format Version 12.00
# Visual Studio Version 16
VisualStudioVersion = 16.0.30406.217
MinimumVisualStudioVersion = 10.0.40219.1
Project("{F2A71F9B-5D33-465A-A702-920D77279786}") = "render", "render.fsproj", "{F4965C2F-D93D-4D2D-B79D-D715A9E586D3}"
EndProject
Global
	GlobalSection(SolutionConfigurationPlatforms) = preSolution
		Debug|Any CPU = Debug|Any CPU
		Release|Any CPU = Release|Any CPU
	EndGlobalSection
	GlobalSection(ProjectConfigurationPlatforms) = postSolution
		{F4965C2F-D93D-4D2D-B79D-D715A9E586D3}.Debug|Any CPU.ActiveCfg = Debug|Any CPU
		{F4965C2F-D93D-4D2D-B79D-D715A9E586D3}.Debug|Any CPU.Build.0 = Debug|Any CPU
		{F4965C2F-D93D-4D2D-B79D-D715A9E586D3}.Release|Any CPU.ActiveCfg = Release|Any CPU
		{F4965C2F-D93D-4D2D-B79D-D715A9E586D3}.Release|Any CPU.Build.0 = Release|Any CPU
	EndGlobalSection
	GlobalSection(SolutionProperties) = preSolution
		HideSolutionNode = FALSE
	EndGlobalSection
	GlobalSection(ExtensibilityGlobals) = postSolution
		SolutionGuid = {852717DA-2022-47C3-B859-660BB342FA64}
	EndGlobalSection
EndGlobal
